
Microsoft Visual Studio Solution File, Format Version 12.00
# Visual Studio Version 18
VisualStudioVersion = 18.10.12201.205 stable
MinimumVisualStudioVersion = 10.0.40219.1
Project("{FAE04EC0-301F-11D3-BF4B-00C04F79EFBC}") = "Model", "Model\Model.csproj", "{2EBA2E9D-0871-4B01-A81D-DFF0AC64B9B7}"
EndProject
Project("{FAE04EC0-301F-11D3-BF4B-00C04F79EFBC}") = "BusinessLogic", "BusinessLogic\BusinessLogic.csproj", "{6DE1465D-E8F8-49A2-BDEF-C3B2D95C1EBB}"
EndProject
Project("{FAE04EC0-301F-11D3-BF4B-00C04F79EFBC}") = "DB", "DB\DB.csproj", "{B5975B60-F8C1-4D2E-BCB0-53C48C20670D}"
EndProject
Project("{FAE04EC0-301F-11D3-BF4B-00C04F79EFBC}") = "UI", "UI\UI.csproj", "{899FCF8F-A1BE-4861-8E9C-D1252F753175}"
EndProject
Global
	GlobalSection(SolutionConfigurationPlatforms) = preSolution
		Debug|Any CPU = Debug|Any CPU
		Release|Any CPU = Release|Any CPU
	EndGlobalSection
	GlobalSection(ProjectConfigurationPlatforms) = postSolution
		{2EBA2E9D-0871-4B01-A81D-DFF0AC64B9B7}.Debug|Any CPU.ActiveCfg = Debug|Any CPU
		{2EBA2E9D-0871-4B01-A81D-DFF0AC64B9B7}.Debug|Any CPU.Build.0 = Debug|Any CPU
		{2EBA2E9D-0871-4B01-A81D-DFF0AC64B9B7}.Release|Any CPU.ActiveCfg = Release|Any CPU
		{2EBA2E9D-0871-4B01-A81D-DFF0AC64B9B7}.Release|Any CPU.Build.0 = Release|Any CPU
		{6DE1465D-E8F8-49A2-BDEF-C3B2D95C1EBB}.Debug|Any CPU.ActiveCfg = Debug|Any CPU
		{6DE1465D-E8F8-49A2-BDEF-C3B2D95C1EBB}.Debug|Any CPU.Build.0 = Debug|Any CPU
		{6DE1465D-E8F8-49A2-BDEF-C3B2D95C1EBB}.Release|Any CPU.ActiveCfg = Release|Any CPU
		{6DE1465D-E8F8-49A2-BDEF-C3B2D95C1EBB}.Release|Any CPU.Build.0 = Release|Any CPU
		{B5975B60-F8C1-4D2E-BCB0-53C48C20670D}.Debug|Any CPU.ActiveCfg = Debug|Any CPU
		{B5975B60-F8C1-4D2E-BCB0-53C48C20670D}.Debug|Any CPU.Build.0 = Debug|Any CPU
		{B5975B60-F8C1-4D2E-BCB0-53C48C20670D}.Release|Any CPU.ActiveCfg = Release|Any CPU
		{B5975B60-F8C1-4D2E-BCB0-53C48C20670D}.Release|Any CPU.Build.0 = Release|Any CPU
		{899FCF8F-A1BE-4861-8E9C-D1252F753175}.Debug|Any CPU.ActiveCfg = Debug|Any CPU
		{899FCF8F-A1BE-4861-8E9C-D1252F753175}.Debug|Any CPU.Build.0 = Debug|Any CPU
		{899FCF8F-A1BE-4861-8E9C-D1252F753175}.Release|Any CPU.ActiveCfg = Release|Any CPU
		{899FCF8F-A1BE-4861-8E9C-D1252F753175}.Release|Any CPU.Build.0 = Release|Any CPU
	EndGlobalSection
	GlobalSection(SolutionProperties) = preSolution
		HideSolutionNode = FALSE
	EndGlobalSection
	GlobalSection(ExtensibilityGlobals) = postSolution
		SolutionGuid = {3EB2C060-6E27-48A3-BA50-CA68D73766F0}
	EndGlobalSection
EndGlobal
